
Microsoft Visual Studio Solution File, Format Version 12.00
# Visual Studio Version 17
VisualStudioVersion = 17.0.31903.59
MinimumVisualStudioVersion = 10.0.40219.1
Project("{2150E333-8FDC-42A3-9474-1A3956D46DE8}") = "src", "src", "{DAA050C1-CF55-4A8C-8FF8-BFB396DEC60C}"
EndProject
Project("{FAE04EC0-301F-11D3-BF4B-00C04F79EFBC}") = "MyMedicationApp.Domain", "src\MyMedicationApp.Domain\MyMedicationApp.Domain.csproj", "{162ED386-7AA1-4BBD-B321-DB5CCCC62F51}"
EndProject
Project("{FAE04EC0-301F-11D3-BF4B-00C04F79EFBC}") = "MyMedicationApp.Application", "src\MyMedicationApp.Application\MyMedicationApp.Application.csproj", "{A834C1DE-2511-4A99-ABA4-C1F8659A31F0}"
EndProject
Project("{FAE04EC0-301F-11D3-BF4B-00C04F79EFBC}") = "MyMedicationApp.Infrastructure", "src\MyMedicationApp.Infrastructure\MyMedicationApp.Infrastructure.csproj", "{F1CF6127-D191-4D8C-A58E-40C04183DFEE}"
EndProject
Project("{FAE04EC0-301F-11D3-BF4B-00C04F79EFBC}") = "MyMedicationApp.Api", "src\MyMedicationApp.Api\MyMedicationApp.Api.csproj", "{FB6B61B9-3210-41AC-A1FE-618757980F52}"
EndProject
Project("{2150E333-8FDC-42A3-9474-1A3956D46DE8}") = "tests", "tests", "{DB8CB147-B98B-412B-9715-891DC5619CF3}"
EndProject
Project("{FAE04EC0-301F-11D3-BF4B-00C04F79EFBC}") = "MyMedicationApp.Tests", "tests\MyMedicationApp.Tests\MyMedicationApp.Tests.csproj", "{A388D97C-E89A-41A0-97AC-2C3A558B63AF}"
EndProject
Global
	GlobalSection(SolutionConfigurationPlatforms) = preSolution
		Debug|Any CPU = Debug|Any CPU
		Release|Any CPU = Release|Any CPU
	EndGlobalSection
	GlobalSection(SolutionProperties) = preSolution
		HideSolutionNode = FALSE
	EndGlobalSection
	GlobalSection(ProjectConfigurationPlatforms) = postSolution
		{162ED386-7AA1-4BBD-B321-DB5CCCC62F51}.Debug|Any CPU.ActiveCfg = Debug|Any CPU
		{162ED386-7AA1-4BBD-B321-DB5CCCC62F51}.Debug|Any CPU.Build.0 = Debug|Any CPU
		{162ED386-7AA1-4BBD-B321-DB5CCCC62F51}.Release|Any CPU.ActiveCfg = Release|Any CPU
		{162ED386-7AA1-4BBD-B321-DB5CCCC62F51}.Release|Any CPU.Build.0 = Release|Any CPU
		{A834C1DE-2511-4A99-ABA4-C1F8659A31F0}.Debug|Any CPU.ActiveCfg = Debug|Any CPU
		{A834C1DE-2511-4A99-ABA4-C1F8659A31F0}.Debug|Any CPU.Build.0 = Debug|Any CPU
		{A834C1DE-2511-4A99-ABA4-C1F8659A31F0}.Release|Any CPU.ActiveCfg = Release|Any CPU
		{A834C1DE-2511-4A99-ABA4-C1F8659A31F0}.Release|Any CPU.Build.0 = Release|Any CPU
		{F1CF6127-D191-4D8C-A58E-40C04183DFEE}.Debug|Any CPU.ActiveCfg = Debug|Any CPU
		{F1CF6127-D191-4D8C-A58E-40C04183DFEE}.Debug|Any CPU.Build.0 = Debug|Any CPU
		{F1CF6127-D191-4D8C-A58E-40C04183DFEE}.Release|Any CPU.ActiveCfg = Release|Any CPU
		{F1CF6127-D191-4D8C-A58E-40C04183DFEE}.Release|Any CPU.Build.0 = Release|Any CPU
		{FB6B61B9-3210-41AC-A1FE-618757980F52}.Debug|Any CPU.ActiveCfg = Debug|Any CPU
		{FB6B61B9-3210-41AC-A1FE-618757980F52}.Debug|Any CPU.Build.0 = Debug|Any CPU
		{FB6B61B9-3210-41AC-A1FE-618757980F52}.Release|Any CPU.ActiveCfg = Release|Any CPU
		{FB6B61B9-3210-41AC-A1FE-618757980F52}.Release|Any CPU.Build.0 = Release|Any CPU
		{A388D97C-E89A-41A0-97AC-2C3A558B63AF}.Debug|Any CPU.ActiveCfg = Debug|Any CPU
		{A388D97C-E89A-41A0-97AC-2C3A558B63AF}.Debug|Any CPU.Build.0 = Debug|Any CPU
		{A388D97C-E89A-41A0-97AC-2C3A558B63AF}.Release|Any CPU.ActiveCfg = Release|Any CPU
		{A388D97C-E89A-41A0-97AC-2C3A558B63AF}.Release|Any CPU.Build.0 = Release|Any CPU
	EndGlobalSection
	GlobalSection(NestedProjects) = preSolution
		{162ED386-7AA1-4BBD-B321-DB5CCCC62F51} = {DAA050C1-CF55-4A8C-8FF8-BFB396DEC60C}
		{A834C1DE-2511-4A99-ABA4-C1F8659A31F0} = {DAA050C1-CF55-4A8C-8FF8-BFB396DEC60C}
		{F1CF6127-D191-4D8C-A58E-40C04183DFEE} = {DAA050C1-CF55-4A8C-8FF8-BFB396DEC60C}
		{FB6B61B9-3210-41AC-A1FE-618757980F52} = {DAA050C1-CF55-4A8C-8FF8-BFB396DEC60C}
		{A388D97C-E89A-41A0-97AC-2C3A558B63AF} = {DB8CB147-B98B-412B-9715-891DC5619CF3}
	EndGlobalSection
EndGlobal
